{
  "requires": true,
  "lockfileVersion": 1,
  "dependencies": {
    "mdast-comment-marker": {
      "version": "1.0.2",
      "resolved": "https://registry.npmjs.org/mdast-comment-marker/-/mdast-comment-marker-1.0.2.tgz",
      "integrity": "sha1-Hd8O+BH7UkOQF8jSwLkiA18rp0o="
    },
    "remark-lint": {
      "version": "6.0.1",
      "resolved": "https://registry.npmjs.org/remark-lint/-/remark-lint-6.0.1.tgz",
      "integrity": "sha512-wvTTuB5O5pF8SxqahQjjrU3dtuhygYjaGcOZTw+4ACgSE4RBINDlNqN46HjcV3X0ib5GmObJUt5a2mmhtmuTqw==",
      "requires": {
        "remark-message-control": "4.0.1"
      }
    },
    "remark-message-control": {
      "version": "4.0.1",
      "resolved": "https://registry.npmjs.org/remark-message-control/-/remark-message-control-4.0.1.tgz",
      "integrity": "sha1-KRPNYLMW2fnzkKp/NGOdIM9VmW0=",
      "requires": {
        "mdast-comment-marker": "1.0.2",
        "trim": "0.0.1",
        "unist-util-visit": "1.2.0",
        "vfile-location": "2.0.2"
      }
    },
    "trim": {
      "version": "0.0.1",
      "resolved": "https://registry.npmjs.org/trim/-/trim-0.0.1.tgz",
      "integrity": "sha1-WFhUf2spB1fulczMZm+1AITEYN0="
    },
    "unist-util-is": {
      "version": "2.1.1",
      "resolved": "https://registry.npmjs.org/unist-util-is/-/unist-util-is-2.1.1.tgz",
      "integrity": "sha1-DDEmKeP5YMZukx6BLT2A53AQlHs="
    },
    "unist-util-visit": {
      "version": "1.2.0",
      "resolved": "https://registry.npmjs.org/unist-util-visit/-/unist-util-visit-1.2.0.tgz",
      "integrity": "sha512-lI+jyPlDztHZ2CJhUchcRMQ7MNc0yASgYFxwRTxs0EZ+9HbYFBLVGDJ2FchTBy+pra0O1LVEn0Wkgf19mDVDzw==",
      "requires": {
        "unist-util-is": "2.1.1"
      }
    },
    "vfile-location": {
      "version": "2.0.2",
      "resolved": "https://registry.npmjs.org/vfile-location/-/vfile-location-2.0.2.tgz",
      "integrity": "sha1-02dcWch3SY5JK0dW/2Xkrxp1IlU="
    }
  }
}
